
Microsoft Visual Studio Solution File, Format Version 12.00
# Visual Studio Version 16
VisualStudioVersion = 16.0.31729.503
MinimumVisualStudioVersion = 10.0.40219.1
Project("{FAE04EC0-301F-11D3-BF4B-00C04F79EFBC}") = "CapaNegocio", "CapaNegocio\CapaNegocio.csproj", "{2454DDE7-7494-4C19-9C6A-9379A319979F}"
EndProject
Project("{FAE04EC0-301F-11D3-BF4B-00C04F79EFBC}") = "CapaPresentacion", "CapaPresentacion\CapaPresentacion.csproj", "{3814AE43-8F51-4406-BFE6-CA1C1FD2EA90}"
EndProject
Global
	GlobalSection(SolutionConfigurationPlatforms) = preSolution
		Debug|Any CPU = Debug|Any CPU
		Release|Any CPU = Release|Any CPU
	EndGlobalSection
	GlobalSection(ProjectConfigurationPlatforms) = postSolution
		{2454DDE7-7494-4C19-9C6A-9379A319979F}.Debug|Any CPU.ActiveCfg = Debug|Any CPU
		{2454DDE7-7494-4C19-9C6A-9379A319979F}.Debug|Any CPU.Build.0 = Debug|Any CPU
		{2454DDE7-7494-4C19-9C6A-9379A319979F}.Release|Any CPU.ActiveCfg = Release|Any CPU
		{2454DDE7-7494-4C19-9C6A-9379A319979F}.Release|Any CPU.Build.0 = Release|Any CPU
		{3814AE43-8F51-4406-BFE6-CA1C1FD2EA90}.Debug|Any CPU.ActiveCfg = Debug|Any CPU
		{3814AE43-8F51-4406-BFE6-CA1C1FD2EA90}.Debug|Any CPU.Build.0 = Debug|Any CPU
		{3814AE43-8F51-4406-BFE6-CA1C1FD2EA90}.Release|Any CPU.ActiveCfg = Release|Any CPU
		{3814AE43-8F51-4406-BFE6-CA1C1FD2EA90}.Release|Any CPU.Build.0 = Release|Any CPU
	EndGlobalSection
	GlobalSection(SolutionProperties) = preSolution
		HideSolutionNode = FALSE
	EndGlobalSection
	GlobalSection(ExtensibilityGlobals) = postSolution
		SolutionGuid = {CD490E6C-D007-4BB9-950A-64022FAD8E63}
	EndGlobalSection
EndGlobal
